// !$*UTF8*$!
{
	archiveVersion = 1;
	classes = {
	};
	objectVersion = 51;
	objects = {

/* Begin PBXBuildFile section */
		6576C6C624BB91F40031A651 /* FaceBoundingBox.swift in Sources */ = {isa = PBXBuildFile; fileRef = 6576C6C524BB91F40031A651 /* FaceBoundingBox.swift */; };
		65E7857924B37A3700BAA62E /* AppDelegate.swift in Sources */ = {isa = PBXBuildFile; fileRef = 65E7857824B37A3700BAA62E /* AppDelegate.swift */; };
		65E7857B24B37A3700BAA62E /* SceneDelegate.swift in Sources */ = {isa = PBXBuildFile; fileRef = 65E7857A24B37A3700BAA62E /* SceneDelegate.swift */; };
		65E7857D24B37A3700BAA62E /* ViewController.swift in Sources */ = {isa = PBXBuildFile; fileRef = 65E7857C24B37A3700BAA62E /* ViewController.swift */; };
		65E7858024B37A3700BAA62E /* Main.storyboard in Resources */ = {isa = PBXBuildFile; fileRef = 65E7857E24B37A3700BAA62E /* Main.storyboard */; };
		65E7858224B37A3800BAA62E /* Assets.xcassets in Resources */ = {isa = PBXBuildFile; fileRef = 65E7858124B37A3800BAA62E /* Assets.xcassets */; };
		65E7858524B37A3800BAA62E /* LaunchScreen.storyboard in Resources */ = {isa = PBXBuildFile; fileRef = 65E7858324B37A3800BAA62E /* LaunchScreen.storyboard */; };
		65E7858D24B38A7300BAA62E /* GoogleService-Info.plist in Resources */ = {isa = PBXBuildFile; fileRef = 65E7858C24B38A7300BAA62E /* GoogleService-Info.plist */; };
		7AE14723EE76F0DBEE9C6CFE /* libPods-Example.a in Frameworks */ = {isa = PBXBuildFile; fileRef = DFB16F416237BF49D6797729 /* libPods-Example.a */; };
/* End PBXBuildFile section */

/* Begin PBXFileReference section */
		6576C6C524BB91F40031A651 /* FaceBoundingBox.swift */ = {isa = PBXFileReference; lastKnownFileType = sourcecode.swift; path = FaceBoundingBox.swift; sourceTree = "<group>"; };
		65E7857524B37A3600BAA62E /* TOTVSCamera.app */ = {isa = PBXFileReference; explicitFileType = wrapper.application; includeInIndex = 0; path = TOTVSCamera.app; sourceTree = BUILT_PRODUCTS_DIR; };
		65E7857824B37A3700BAA62E /* AppDelegate.swift */ = {isa = PBXFileReference; lastKnownFileType = sourcecode.swift; path = AppDelegate.swift; sourceTree = "<group>"; };
		65E7857A24B37A3700BAA62E /* SceneDelegate.swift */ = {isa = PBXFileReference; lastKnownFileType = sourcecode.swift; path = SceneDelegate.swift; sourceTree = "<group>"; };
		65E7857C24B37A3700BAA62E /* ViewController.swift */ = {isa = PBXFileReference; lastKnownFileType = sourcecode.swift; path = ViewController.swift; sourceTree = "<group>"; };
		65E7857F24B37A3700BAA62E /* Base */ = {isa = PBXFileReference; lastKnownFileType = file.storyboard; name = Base; path = Base.lproj/Main.storyboard; sourceTree = "<group>"; };
		65E7858124B37A3800BAA62E /* Assets.xcassets */ = {isa = PBXFileReference; lastKnownFileType = folder.assetcatalog; path = Assets.xcassets; sourceTree = "<group>"; };
		65E7858424B37A3800BAA62E /* Base */ = {isa = PBXFileReference; lastKnownFileType = file.storyboard; name = Base; path = Base.lproj/LaunchScreen.storyboard; sourceTree = "<group>"; };
		65E7858624B37A3900BAA62E /* Info.plist */ = {isa = PBXFileReference; lastKnownFileType = text.plist.xml; path = Info.plist; sourceTree = "<group>"; };
		65E7858C24B38A7300BAA62E /* GoogleService-Info.plist */ = {isa = PBXFileReference; fileEncoding = 4; lastKnownFileType = text.plist.xml; path = "GoogleService-Info.plist"; sourceTree = "<group>"; };
		80350B97C98BECF07E9FB141 /* Pods-Example.release.xcconfig */ = {isa = PBXFileReference; includeInIndex = 1; lastKnownFileType = text.xcconfig; name = "Pods-Example.release.xcconfig"; path = "Target Support Files/Pods-Example/Pods-Example.release.xcconfig"; sourceTree = "<group>"; };
		8D1375101B67B906825FC382 /* Pods-Example.debug.xcconfig */ = {isa = PBXFileReference; includeInIndex = 1; lastKnownFileType = text.xcconfig; name = "Pods-Example.debug.xcconfig"; path = "Target Support Files/Pods-Example/Pods-Example.debug.xcconfig"; sourceTree = "<group>"; };
		DFB16F416237BF49D6797729 /* libPods-Example.a */ = {isa = PBXFileReference; explicitFileType = archive.ar; includeInIndex = 0; path = "libPods-Example.a"; sourceTree = BUILT_PRODUCTS_DIR; };
/* End PBXFileReference section */

/* Begin PBXFrameworksBuildPhase section */
		65E7857224B37A3600BAA62E /* Frameworks */ = {
			isa = PBXFrameworksBuildPhase;
			buildActionMask = 2147483647;
			files = (
				7AE14723EE76F0DBEE9C6CFE /* libPods-Example.a in Frameworks */,
			);
			runOnlyForDeploymentPostprocessing = 0;
		};
/* End PBXFrameworksBuildPhase section */

/* Begin PBXGroup section */
		2355C865F553C2F0A6BB7D0B /* Frameworks */ = {
			isa = PBXGroup;
			children = (
				DFB16F416237BF49D6797729 /* libPods-Example.a */,
			);
			name = Frameworks;
			sourceTree = "<group>";
		};
		65E7856C24B37A3600BAA62E = {
			isa = PBXGroup;
			children = (
				65E7857724B37A3600BAA62E /* Example */,
				65E7857624B37A3600BAA62E /* Products */,
				CFBE49644889ED94B5B5C64E /* Pods */,
				2355C865F553C2F0A6BB7D0B /* Frameworks */,
			);
			sourceTree = "<group>";
		};
		65E7857624B37A3600BAA62E /* Products */ = {
			isa = PBXGroup;
			children = (
				65E7857524B37A3600BAA62E /* TOTVSCamera.app */,
			);
			name = Products;
			sourceTree = "<group>";
		};
		65E7857724B37A3600BAA62E /* Example */ = {
			isa = PBXGroup;
			children = (
				65E7857824B37A3700BAA62E /* AppDelegate.swift */,
				65E7857A24B37A3700BAA62E /* SceneDelegate.swift */,
				65E7857C24B37A3700BAA62E /* ViewController.swift */,
				65E7857E24B37A3700BAA62E /* Main.storyboard */,
				65E7858124B37A3800BAA62E /* Assets.xcassets */,
				65E7858324B37A3800BAA62E /* LaunchScreen.storyboard */,
				65E7858624B37A3900BAA62E /* Info.plist */,
				65E7858C24B38A7300BAA62E /* GoogleService-Info.plist */,
				6576C6C524BB91F40031A651 /* FaceBoundingBox.swift */,
			);
			path = Example;
			sourceTree = "<group>";
		};
		CFBE49644889ED94B5B5C64E /* Pods */ = {
			isa = PBXGroup;
			children = (
				8D1375101B67B906825FC382 /* Pods-Example.debug.xcconfig */,
				80350B97C98BECF07E9FB141 /* Pods-Example.release.xcconfig */,
			);
			path = Pods;
			sourceTree = "<group>";
		};
/* End PBXGroup section */

/* Begin PBXNativeTarget section */
		65E7857424B37A3600BAA62E /* Example */ = {
			isa = PBXNativeTarget;
			buildConfigurationList = 65E7858924B37A3900BAA62E /* Build configuration list for PBXNativeTarget "Example" */;
			buildPhases = (
				95B99ED7F191E754A5553359 /* [CP] Check Pods Manifest.lock */,
				65E7857124B37A3600BAA62E /* Sources */,
				65E7857224B37A3600BAA62E /* Frameworks */,
				65E7857324B37A3600BAA62E /* Resources */,
				E444083124536B37BB135BCB /* [CP] Copy Pods Resources */,
			);
			buildRules = (
			);
			dependencies = (
			);
			name = Example;
			productName = Example;
			productReference = 65E7857524B37A3600BAA62E /* TOTVSCamera.app */;
			productType = "com.apple.product-type.application";
		};
/* End PBXNativeTarget section */

/* Begin PBXProject section */
		65E7856D24B37A3600BAA62E /* Project object */ = {
			isa = PBXProject;
			attributes = {
				LastSwiftUpdateCheck = 1150;
				LastUpgradeCheck = 1150;
				ORGANIZATIONNAME = Jansel;
				TargetAttributes = {
					65E7857424B37A3600BAA62E = {
						CreatedOnToolsVersion = 11.5;
					};
				};
			};
			buildConfigurationList = 65E7857024B37A3600BAA62E /* Build configuration list for PBXProject "Example" */;
			compatibilityVersion = "Xcode 9.3";
			developmentRegion = en;
			hasScannedForEncodings = 0;
			knownRegions = (
				en,
				Base,
			);
			mainGroup = 65E7856C24B37A3600BAA62E;
			productRefGroup = 65E7857624B37A3600BAA62E /* Products */;
			projectDirPath = "";
			projectRoot = "";
			targets = (
				65E7857424B37A3600BAA62E /* Example */,
			);
		};
/* End PBXProject section */

/* Begin PBXResourcesBuildPhase section */
		65E7857324B37A3600BAA62E /* Resources */ = {
			isa = PBXResourcesBuildPhase;
			buildActionMask = 2147483647;
			files = (
				65E7858524B37A3800BAA62E /* LaunchScreen.storyboard in Resources */,
				65E7858D24B38A7300BAA62E /* GoogleService-Info.plist in Resources */,
				65E7858224B37A3800BAA62E /* Assets.xcassets in Resources */,
				65E7858024B37A3700BAA62E /* Main.storyboard in Resources */,
			);
			runOnlyForDeploymentPostprocessing = 0;
		};
/* End PBXResourcesBuildPhase section */

/* Begin PBXShellScriptBuildPhase section */
		95B99ED7F191E754A5553359 /* [CP] Check Pods Manifest.lock */ = {
			isa = PBXShellScriptBuildPhase;
			buildActionMask = 2147483647;
			files = (
			);
			inputFileListPaths = (
			);
			inputPaths = (
				"${PODS_PODFILE_DIR_PATH}/Podfile.lock",
				"${PODS_ROOT}/Manifest.lock",
			);
			name = "[CP] Check Pods Manifest.lock";
			outputFileListPaths = (
			);
			outputPaths = (
				"$(DERIVED_FILE_DIR)/Pods-Example-checkManifestLockResult.txt",
			);
			runOnlyForDeploymentPostprocessing = 0;
			shellPath = /bin/sh;
			shellScript = "diff \"${PODS_PODFILE_DIR_PATH}/Podfile.lock\" \"${PODS_ROOT}/Manifest.lock\" > /dev/null\nif [ $? != 0 ] ; then\n    # print error to STDERR\n    echo \"error: The sandbox is not in sync with the Podfile.lock. Run 'pod install' or update your CocoaPods installation.\" >&2\n    exit 1\nfi\n# This output is used by Xcode 'outputs' to avoid re-running this script phase.\necho \"SUCCESS\" > \"${SCRIPT_OUTPUT_FILE_0}\"\n";
			showEnvVarsInLog = 0;
		};
		E444083124536B37BB135BCB /* [CP] Copy Pods Resources */ = {
			isa = PBXShellScriptBuildPhase;
			buildActionMask = 2147483647;
			files = (
			);
			inputFileListPaths = (
				"${PODS_ROOT}/Target Support Files/Pods-Example/Pods-Example-resources-${CONFIGURATION}-input-files.xcfilelist",
			);
			name = "[CP] Copy Pods Resources";
			outputFileListPaths = (
				"${PODS_ROOT}/Target Support Files/Pods-Example/Pods-Example-resources-${CONFIGURATION}-output-files.xcfilelist",
			);
			runOnlyForDeploymentPostprocessing = 0;
			shellPath = /bin/sh;
			shellScript = "\"${PODS_ROOT}/Target Support Files/Pods-Example/Pods-Example-resources.sh\"\n";
			showEnvVarsInLog = 0;
		};
/* End PBXShellScriptBuildPhase section */

/* Begin PBXSourcesBuildPhase section */
		65E7857124B37A3600BAA62E /* Sources */ = {
			isa = PBXSourcesBuildPhase;
			buildActionMask = 2147483647;
			files = (
				65E7857D24B37A3700BAA62E /* ViewController.swift in Sources */,
				65E7857924B37A3700BAA62E /* AppDelegate.swift in Sources */,
				6576C6C624BB91F40031A651 /* FaceBoundingBox.swift in Sources */,
				65E7857B24B37A3700BAA62E /* SceneDelegate.swift in Sources */,
			);
			runOnlyForDeploymentPostprocessing = 0;
		};
/* End PBXSourcesBuildPhase section */

/* Begin PBXVariantGroup section */
		65E7857E24B37A3700BAA62E /* Main.storyboard */ = {
			isa = PBXVariantGroup;
			children = (
				65E7857F24B37A3700BAA62E /* Base */,
			);
			name = Main.storyboard;
			sourceTree = "<group>";
		};
		65E7858324B37A3800BAA62E /* LaunchScreen.storyboard */ = {
			isa = PBXVariantGroup;
			children = (
				65E7858424B37A3800BAA62E /* Base */,
			);
			name = LaunchScreen.storyboard;
			sourceTree = "<group>";
		};
/* End PBXVariantGroup section */

/* Begin XCBuildConfiguration section */
		65E7858724B37A3900BAA62E /* Debug */ = {
			isa = XCBuildConfiguration;
			buildSettings = {
				ALWAYS_SEARCH_USER_PATHS = NO;
				CLANG_ANALYZER_NONNULL = YES;
				CLANG_ANALYZER_NUMBER_OBJECT_CONVERSION = YES_AGGRESSIVE;
				CLANG_CXX_LANGUAGE_STANDARD = "gnu++14";
				CLANG_CXX_LIBRARY = "libc++";
				CLANG_ENABLE_MODULES = YES;
				CLANG_ENABLE_OBJC_ARC = YES;
				CLANG_ENABLE_OBJC_WEAK = YES;
				CLANG_WARN_BLOCK_CAPTURE_AUTORELEASING = YES;
				CLANG_WARN_BOOL_CONVERSION = YES;
				CLANG_WARN_COMMA = YES;
				CLANG_WARN_CONSTANT_CONVERSION = YES;
				CLANG_WARN_DEPRECATED_OBJC_IMPLEMENTATIONS = YES;
				CLANG_WARN_DIRECT_OBJC_ISA_USAGE = YES_ERROR;
				CLANG_WARN_DOCUMENTATION_COMMENTS = YES;
				CLANG_WARN_EMPTY_BODY = YES;
				CLANG_WARN_ENUM_CONVERSION = YES;
				CLANG_WARN_INFINITE_RECURSION = YES;
				CLANG_WARN_INT_CONVERSION = YES;
				CLANG_WARN_NON_LITERAL_NULL_CONVERSION = YES;
				CLANG_WARN_OBJC_IMPLICIT_RETAIN_SELF = YES;
				CLANG_WARN_OBJC_LITERAL_CONVERSION = YES;
				CLANG_WARN_OBJC_ROOT_CLASS = YES_ERROR;
				CLANG_WARN_RANGE_LOOP_ANALYSIS = YES;
				CLANG_WARN_STRICT_PROTOTYPES = YES;
				CLANG_WARN_SUSPICIOUS_MOVE = YES;
				CLANG_WARN_UNGUARDED_AVAILABILITY = YES_AGGRESSIVE;
				CLANG_WARN_UNREACHABLE_CODE = YES;
				CLANG_WARN__DUPLICATE_METHOD_MATCH = YES;
				COPY_PHASE_STRIP = NO;
				DEBUG_INFORMATION_FORMAT = dwarf;
				ENABLE_STRICT_OBJC_MSGSEND = YES;
				ENABLE_TESTABILITY = YES;
				GCC_C_LANGUAGE_STANDARD = gnu11;
				GCC_DYNAMIC_NO_PIC = NO;
				GCC_NO_COMMON_BLOCKS = YES;
				GCC_OPTIMIZATION_LEVEL = 0;
				GCC_PREPROCESSOR_DEFINITIONS = (
					"DEBUG=1",
					"$(inherited)",
				);
				GCC_WARN_64_TO_32_BIT_CONVERSION = YES;
				GCC_WARN_ABOUT_RETURN_TYPE = YES_ERROR;
				GCC_WARN_UNDECLARED_SELECTOR = YES;
				GCC_WARN_UNINITIALIZED_AUTOS = YES_AGGRESSIVE;
				GCC_WARN_UNUSED_FUNCTION = YES;
				GCC_WARN_UNUSED_VARIABLE = YES;
				IPHONEOS_DEPLOYMENT_TARGET = 13.5;
				MTL_ENABLE_DEBUG_INFO = INCLUDE_SOURCE;
				MTL_FAST_MATH = YES;
				ONLY_ACTIVE_ARCH = YES;
				SDKROOT = iphoneos;
				SWIFT_ACTIVE_COMPILATION_CONDITIONS = DEBUG;
				SWIFT_OPTIMIZATION_LEVEL = "-Onone";
			};
			name = Debug;
		};
		65E7858824B37A3900BAA62E /* Release */ = {
			isa = XCBuildConfiguration;
			buildSettings = {
				ALWAYS_SEARCH_USER_PATHS = NO;
				CLANG_ANALYZER_NONNULL = YES;
				CLANG_ANALYZER_NUMBER_OBJECT_CONVERSION = YES_AGGRESSIVE;
				CLANG_CXX_LANGUAGE_STANDARD = "gnu++14";
				CLANG_CXX_LIBRARY = "libc++";
				CLANG_ENABLE_MODULES = YES;
				CLANG_ENABLE_OBJC_ARC = YES;
				CLANG_ENABLE_OBJC_WEAK = YES;
				CLANG_WARN_BLOCK_CAPTURE_AUTORELEASING = YES;
				CLANG_WARN_BOOL_CONVERSION = YES;
				CLANG_WARN_COMMA = YES;
				CLANG_WARN_CONSTANT_CONVERSION = YES;
				CLANG_WARN_DEPRECATED_OBJC_IMPLEMENTATIONS = YES;
				CLANG_WARN_DIRECT_OBJC_ISA_USAGE = YES_ERROR;
				CLANG_WARN_DOCUMENTATION_COMMENTS = YES;
				CLANG_WARN_EMPTY_BODY = YES;
				CLANG_WARN_ENUM_CONVERSION = YES;
				CLANG_WARN_INFINITE_RECURSION = YES;
				CLANG_WARN_INT_CONVERSION = YES;
				CLANG_WARN_NON_LITERAL_NULL_CONVERSION = YES;
				CLANG_WARN_OBJC_IMPLICIT_RETAIN_SELF = YES;
				CLANG_WARN_OBJC_LITERAL_CONVERSION = YES;
				CLANG_WARN_OBJC_ROOT_CLASS = YES_ERROR;
				CLANG_WARN_RANGE_LOOP_ANALYSIS = YES;
				CLANG_WARN_STRICT_PROTOTYPES = YES;
				CLANG_WARN_SUSPICIOUS_MOVE = YES;
				CLANG_WARN_UNGUARDED_AVAILABILITY = YES_AGGRESSIVE;
				CLANG_WARN_UNREACHABLE_CODE = YES;
				CLANG_WARN__DUPLICATE_METHOD_MATCH = YES;
				COPY_PHASE_STRIP = NO;
				DEBUG_INFORMATION_FORMAT = "dwarf-with-dsym";
				ENABLE_NS_ASSERTIONS = NO;
				ENABLE_STRICT_OBJC_MSGSEND = YES;
				GCC_C_LANGUAGE_STANDARD = gnu11;
				GCC_NO_COMMON_BLOCKS = YES;
				GCC_WARN_64_TO_32_BIT_CONVERSION = YES;
				GCC_WARN_ABOUT_RETURN_TYPE = YES_ERROR;
				GCC_WARN_UNDECLARED_SELECTOR = YES;
				GCC_WARN_UNINITIALIZED_AUTOS = YES_AGGRESSIVE;
				GCC_WARN_UNUSED_FUNCTION = YES;
				GCC_WARN_UNUSED_VARIABLE = YES;
				IPHONEOS_DEPLOYMENT_TARGET = 13.5;
				MTL_ENABLE_DEBUG_INFO = NO;
				MTL_FAST_MATH = YES;
				SDKROOT = iphoneos;
				SWIFT_COMPILATION_MODE = wholemodule;
				SWIFT_OPTIMIZATION_LEVEL = "-O";
				VALIDATE_PRODUCT = YES;
			};
			name = Release;
		};
		65E7858A24B37A3900BAA62E /* Debug */ = {
			isa = XCBuildConfiguration;
			baseConfigurationReference = 8D1375101B67B906825FC382 /* Pods-Example.debug.xcconfig */;
			buildSettings = {
				ASSETCATALOG_COMPILER_APPICON_NAME = AppIcon;
				CODE_SIGN_STYLE = Automatic;
				DEVELOPMENT_TEAM = 9T9Q2EVV88;
				INFOPLIST_FILE = Example/Info.plist;
				LD_RUNPATH_SEARCH_PATHS = (
					"$(inherited)",
					"@executable_path/Frameworks",
				);
				PRODUCT_BUNDLE_IDENTIFIER = com.totvs.camera.Example;
				PRODUCT_NAME = TOTVSCamera;
				SWIFT_VERSION = 5.0;
				TARGETED_DEVICE_FAMILY = "1,2";
			};
			name = Debug;
		};
		65E7858B24B37A3900BAA62E /* Release */ = {
			isa = XCBuildConfiguration;
			baseConfigurationReference = 80350B97C98BECF07E9FB141 /* Pods-Example.release.xcconfig */;
			buildSettings = {
				ASSETCATALOG_COMPILER_APPICON_NAME = AppIcon;
				CODE_SIGN_STYLE = Automatic;
				DEVELOPMENT_TEAM = 9T9Q2EVV88;
				INFOPLIST_FILE = Example/Info.plist;
				LD_RUNPATH_SEARCH_PATHS = (
					"$(inherited)",
					"@executable_path/Frameworks",
				);
				PRODUCT_BUNDLE_IDENTIFIER = com.totvs.camera.Example;
				PRODUCT_NAME = TOTVSCamera;
				SWIFT_VERSION = 5.0;
				TARGETED_DEVICE_FAMILY = "1,2";
			};
			name = Release;
		};
/* End XCBuildConfiguration section */

/* Begin XCConfigurationList section */
		65E7857024B37A3600BAA62E /* Build configuration list for PBXProject "Example" */ = {
			isa = XCConfigurationList;
			buildConfigurations = (
				65E7858724B37A3900BAA62E /* Debug */,
				65E7858824B37A3900BAA62E /* Release */,
			);
			defaultConfigurationIsVisible = 0;
			defaultConfigurationName = Release;
		};
		65E7858924B37A3900BAA62E /* Build configuration list for PBXNativeTarget "Example" */ = {
			isa = XCConfigurationList;
			buildConfigurations = (
				65E7858A24B37A3900BAA62E /* Debug */,
				65E7858B24B37A3900BAA62E /* Release */,
			);
			defaultConfigurationIsVisible = 0;
			defaultConfigurationName = Release;
		};
/* End XCConfigurationList section */
	};
	rootObject = 65E7856D24B37A3600BAA62E /* Project object */;
}
