// !$*UTF8*$!
{
	archiveVersion = 1;
	classes = {
	};
	objectVersion = 50;
	objects = {

/* Begin PBXBuildFile section */
		6569029B24AB9B6B009044BB /* CameraView.framework in Frameworks */ = {isa = PBXBuildFile; fileRef = 6500A99024AB104B00F679AC /* CameraView.framework */; };
		6569029C24AB9B6B009044BB /* CameraView.framework in Embed Frameworks */ = {isa = PBXBuildFile; fileRef = 6500A99024AB104B00F679AC /* CameraView.framework */; settings = {ATTRIBUTES = (CodeSignOnCopy, RemoveHeadersOnCopy, ); }; };
		6569029E24AB9B6F009044BB /* CameraCore.framework in Frameworks */ = {isa = PBXBuildFile; fileRef = 6500A98E24AB104B00F679AC /* CameraCore.framework */; };
		6569029F24AB9B6F009044BB /* CameraCore.framework in Embed Frameworks */ = {isa = PBXBuildFile; fileRef = 6500A98E24AB104B00F679AC /* CameraCore.framework */; settings = {ATTRIBUTES = (CodeSignOnCopy, RemoveHeadersOnCopy, ); }; };
		659578DC24A9065D00EB3AB8 /* AppDelegate.swift in Sources */ = {isa = PBXBuildFile; fileRef = 659578DB24A9065D00EB3AB8 /* AppDelegate.swift */; };
		659578DE24A9065D00EB3AB8 /* SceneDelegate.swift in Sources */ = {isa = PBXBuildFile; fileRef = 659578DD24A9065D00EB3AB8 /* SceneDelegate.swift */; };
		659578E024A9065D00EB3AB8 /* ViewController.swift in Sources */ = {isa = PBXBuildFile; fileRef = 659578DF24A9065D00EB3AB8 /* ViewController.swift */; };
		659578E324A9065D00EB3AB8 /* Main.storyboard in Resources */ = {isa = PBXBuildFile; fileRef = 659578E124A9065D00EB3AB8 /* Main.storyboard */; };
		659578E524A9066000EB3AB8 /* Assets.xcassets in Resources */ = {isa = PBXBuildFile; fileRef = 659578E424A9066000EB3AB8 /* Assets.xcassets */; };
		659578E824A9066000EB3AB8 /* LaunchScreen.storyboard in Resources */ = {isa = PBXBuildFile; fileRef = 659578E624A9066000EB3AB8 /* LaunchScreen.storyboard */; };
/* End PBXBuildFile section */

/* Begin PBXContainerItemProxy section */
		6500A98D24AB104B00F679AC /* PBXContainerItemProxy */ = {
			isa = PBXContainerItemProxy;
			containerPortal = 6500A98824AB104B00F679AC /* Camera.xcodeproj */;
			proxyType = 2;
			remoteGlobalIDString = 6500A96524AB086300F679AC;
			remoteInfo = CameraCore;
		};
		6500A98F24AB104B00F679AC /* PBXContainerItemProxy */ = {
			isa = PBXContainerItemProxy;
			containerPortal = 6500A98824AB104B00F679AC /* Camera.xcodeproj */;
			proxyType = 2;
			remoteGlobalIDString = 6500A97224AB086E00F679AC;
			remoteInfo = CameraView;
		};
/* End PBXContainerItemProxy section */

/* Begin PBXCopyFilesBuildPhase section */
		6569029D24AB9B6B009044BB /* Embed Frameworks */ = {
			isa = PBXCopyFilesBuildPhase;
			buildActionMask = 2147483647;
			dstPath = "";
			dstSubfolderSpec = 10;
			files = (
				6569029F24AB9B6F009044BB /* CameraCore.framework in Embed Frameworks */,
				6569029C24AB9B6B009044BB /* CameraView.framework in Embed Frameworks */,
			);
			name = "Embed Frameworks";
			runOnlyForDeploymentPostprocessing = 0;
		};
/* End PBXCopyFilesBuildPhase section */

/* Begin PBXFileReference section */
		6500A98824AB104B00F679AC /* Camera.xcodeproj */ = {isa = PBXFileReference; lastKnownFileType = "wrapper.pb-project"; name = Camera.xcodeproj; path = ../Camera.xcodeproj; sourceTree = "<group>"; };
		659578D824A9065D00EB3AB8 /* TOTVSCamera.app */ = {isa = PBXFileReference; explicitFileType = wrapper.application; includeInIndex = 0; path = TOTVSCamera.app; sourceTree = BUILT_PRODUCTS_DIR; };
		659578DB24A9065D00EB3AB8 /* AppDelegate.swift */ = {isa = PBXFileReference; lastKnownFileType = sourcecode.swift; path = AppDelegate.swift; sourceTree = "<group>"; };
		659578DD24A9065D00EB3AB8 /* SceneDelegate.swift */ = {isa = PBXFileReference; lastKnownFileType = sourcecode.swift; path = SceneDelegate.swift; sourceTree = "<group>"; };
		659578DF24A9065D00EB3AB8 /* ViewController.swift */ = {isa = PBXFileReference; lastKnownFileType = sourcecode.swift; path = ViewController.swift; sourceTree = "<group>"; };
		659578E224A9065D00EB3AB8 /* Base */ = {isa = PBXFileReference; lastKnownFileType = file.storyboard; name = Base; path = Base.lproj/Main.storyboard; sourceTree = "<group>"; };
		659578E424A9066000EB3AB8 /* Assets.xcassets */ = {isa = PBXFileReference; lastKnownFileType = folder.assetcatalog; path = Assets.xcassets; sourceTree = "<group>"; };
		659578E724A9066000EB3AB8 /* Base */ = {isa = PBXFileReference; lastKnownFileType = file.storyboard; name = Base; path = Base.lproj/LaunchScreen.storyboard; sourceTree = "<group>"; };
		659578E924A9066000EB3AB8 /* Info.plist */ = {isa = PBXFileReference; lastKnownFileType = text.plist.xml; path = Info.plist; sourceTree = "<group>"; };
/* End PBXFileReference section */

/* Begin PBXFrameworksBuildPhase section */
		659578D524A9065D00EB3AB8 /* Frameworks */ = {
			isa = PBXFrameworksBuildPhase;
			buildActionMask = 2147483647;
			files = (
				6569029E24AB9B6F009044BB /* CameraCore.framework in Frameworks */,
				6569029B24AB9B6B009044BB /* CameraView.framework in Frameworks */,
			);
			runOnlyForDeploymentPostprocessing = 0;
		};
/* End PBXFrameworksBuildPhase section */

/* Begin PBXGroup section */
		6500A98924AB104B00F679AC /* Products */ = {
			isa = PBXGroup;
			children = (
				6500A98E24AB104B00F679AC /* CameraCore.framework */,
				6500A99024AB104B00F679AC /* CameraView.framework */,
			);
			name = Products;
			sourceTree = "<group>";
		};
		659578CF24A9065D00EB3AB8 = {
			isa = PBXGroup;
			children = (
				6500A98824AB104B00F679AC /* Camera.xcodeproj */,
				659578DA24A9065D00EB3AB8 /* Source */,
				659578D924A9065D00EB3AB8 /* Products */,
				A4FE1E8A6186A1573690249E /* Frameworks */,
			);
			sourceTree = "<group>";
		};
		659578D924A9065D00EB3AB8 /* Products */ = {
			isa = PBXGroup;
			children = (
				659578D824A9065D00EB3AB8 /* TOTVSCamera.app */,
			);
			name = Products;
			sourceTree = "<group>";
		};
		659578DA24A9065D00EB3AB8 /* Source */ = {
			isa = PBXGroup;
			children = (
				659578DB24A9065D00EB3AB8 /* AppDelegate.swift */,
				659578DD24A9065D00EB3AB8 /* SceneDelegate.swift */,
				659578DF24A9065D00EB3AB8 /* ViewController.swift */,
				659578E124A9065D00EB3AB8 /* Main.storyboard */,
				659578E424A9066000EB3AB8 /* Assets.xcassets */,
				659578E624A9066000EB3AB8 /* LaunchScreen.storyboard */,
				659578E924A9066000EB3AB8 /* Info.plist */,
			);
			path = Source;
			sourceTree = "<group>";
		};
		A4FE1E8A6186A1573690249E /* Frameworks */ = {
			isa = PBXGroup;
			children = (
			);
			name = Frameworks;
			sourceTree = "<group>";
		};
/* End PBXGroup section */

/* Begin PBXNativeTarget section */
		659578D724A9065D00EB3AB8 /* Example */ = {
			isa = PBXNativeTarget;
			buildConfigurationList = 659578EC24A9066000EB3AB8 /* Build configuration list for PBXNativeTarget "Example" */;
			buildPhases = (
				659578D424A9065D00EB3AB8 /* Sources */,
				659578D524A9065D00EB3AB8 /* Frameworks */,
				659578D624A9065D00EB3AB8 /* Resources */,
				6569029D24AB9B6B009044BB /* Embed Frameworks */,
			);
			buildRules = (
			);
			dependencies = (
			);
			name = Example;
			productName = "totvs-camera-app";
			productReference = 659578D824A9065D00EB3AB8 /* TOTVSCamera.app */;
			productType = "com.apple.product-type.application";
		};
/* End PBXNativeTarget section */

/* Begin PBXProject section */
		659578D024A9065D00EB3AB8 /* Project object */ = {
			isa = PBXProject;
			attributes = {
				LastSwiftUpdateCheck = 1150;
				LastUpgradeCheck = 1150;
				ORGANIZATIONNAME = Jansel;
				TargetAttributes = {
					659578D724A9065D00EB3AB8 = {
						CreatedOnToolsVersion = 11.5;
					};
				};
			};
			buildConfigurationList = 659578D324A9065D00EB3AB8 /* Build configuration list for PBXProject "Example" */;
			compatibilityVersion = "Xcode 9.3";
			developmentRegion = en;
			hasScannedForEncodings = 0;
			knownRegions = (
				en,
				Base,
			);
			mainGroup = 659578CF24A9065D00EB3AB8;
			productRefGroup = 659578D924A9065D00EB3AB8 /* Products */;
			projectDirPath = "";
			projectReferences = (
				{
					ProductGroup = 6500A98924AB104B00F679AC /* Products */;
					ProjectRef = 6500A98824AB104B00F679AC /* Camera.xcodeproj */;
				},
			);
			projectRoot = "";
			targets = (
				659578D724A9065D00EB3AB8 /* Example */,
			);
		};
/* End PBXProject section */

/* Begin PBXReferenceProxy section */
		6500A98E24AB104B00F679AC /* CameraCore.framework */ = {
			isa = PBXReferenceProxy;
			fileType = wrapper.framework;
			path = CameraCore.framework;
			remoteRef = 6500A98D24AB104B00F679AC /* PBXContainerItemProxy */;
			sourceTree = BUILT_PRODUCTS_DIR;
		};
		6500A99024AB104B00F679AC /* CameraView.framework */ = {
			isa = PBXReferenceProxy;
			fileType = wrapper.framework;
			path = CameraView.framework;
			remoteRef = 6500A98F24AB104B00F679AC /* PBXContainerItemProxy */;
			sourceTree = BUILT_PRODUCTS_DIR;
		};
/* End PBXReferenceProxy section */

/* Begin PBXResourcesBuildPhase section */
		659578D624A9065D00EB3AB8 /* Resources */ = {
			isa = PBXResourcesBuildPhase;
			buildActionMask = 2147483647;
			files = (
				659578E824A9066000EB3AB8 /* LaunchScreen.storyboard in Resources */,
				659578E524A9066000EB3AB8 /* Assets.xcassets in Resources */,
				659578E324A9065D00EB3AB8 /* Main.storyboard in Resources */,
			);
			runOnlyForDeploymentPostprocessing = 0;
		};
/* End PBXResourcesBuildPhase section */

/* Begin PBXSourcesBuildPhase section */
		659578D424A9065D00EB3AB8 /* Sources */ = {
			isa = PBXSourcesBuildPhase;
			buildActionMask = 2147483647;
			files = (
				659578E024A9065D00EB3AB8 /* ViewController.swift in Sources */,
				659578DC24A9065D00EB3AB8 /* AppDelegate.swift in Sources */,
				659578DE24A9065D00EB3AB8 /* SceneDelegate.swift in Sources */,
			);
			runOnlyForDeploymentPostprocessing = 0;
		};
/* End PBXSourcesBuildPhase section */

/* Begin PBXVariantGroup section */
		659578E124A9065D00EB3AB8 /* Main.storyboard */ = {
			isa = PBXVariantGroup;
			children = (
				659578E224A9065D00EB3AB8 /* Base */,
			);
			name = Main.storyboard;
			sourceTree = "<group>";
		};
		659578E624A9066000EB3AB8 /* LaunchScreen.storyboard */ = {
			isa = PBXVariantGroup;
			children = (
				659578E724A9066000EB3AB8 /* Base */,
			);
			name = LaunchScreen.storyboard;
			sourceTree = "<group>";
		};
/* End PBXVariantGroup section */

/* Begin XCBuildConfiguration section */
		659578EA24A9066000EB3AB8 /* Debug */ = {
			isa = XCBuildConfiguration;
			buildSettings = {
				ALWAYS_SEARCH_USER_PATHS = NO;
				CLANG_ANALYZER_NONNULL = YES;
				CLANG_ANALYZER_NUMBER_OBJECT_CONVERSION = YES_AGGRESSIVE;
				CLANG_CXX_LANGUAGE_STANDARD = "gnu++14";
				CLANG_CXX_LIBRARY = "libc++";
				CLANG_ENABLE_MODULES = YES;
				CLANG_ENABLE_OBJC_ARC = YES;
				CLANG_ENABLE_OBJC_WEAK = YES;
				CLANG_WARN_BLOCK_CAPTURE_AUTORELEASING = YES;
				CLANG_WARN_BOOL_CONVERSION = YES;
				CLANG_WARN_COMMA = YES;
				CLANG_WARN_CONSTANT_CONVERSION = YES;
				CLANG_WARN_DEPRECATED_OBJC_IMPLEMENTATIONS = YES;
				CLANG_WARN_DIRECT_OBJC_ISA_USAGE = YES_ERROR;
				CLANG_WARN_DOCUMENTATION_COMMENTS = YES;
				CLANG_WARN_EMPTY_BODY = YES;
				CLANG_WARN_ENUM_CONVERSION = YES;
				CLANG_WARN_INFINITE_RECURSION = YES;
				CLANG_WARN_INT_CONVERSION = YES;
				CLANG_WARN_NON_LITERAL_NULL_CONVERSION = YES;
				CLANG_WARN_OBJC_IMPLICIT_RETAIN_SELF = YES;
				CLANG_WARN_OBJC_LITERAL_CONVERSION = YES;
				CLANG_WARN_OBJC_ROOT_CLASS = YES_ERROR;
				CLANG_WARN_RANGE_LOOP_ANALYSIS = YES;
				CLANG_WARN_STRICT_PROTOTYPES = YES;
				CLANG_WARN_SUSPICIOUS_MOVE = YES;
				CLANG_WARN_UNGUARDED_AVAILABILITY = YES_AGGRESSIVE;
				CLANG_WARN_UNREACHABLE_CODE = YES;
				CLANG_WARN__DUPLICATE_METHOD_MATCH = YES;
				COPY_PHASE_STRIP = NO;
				DEBUG_INFORMATION_FORMAT = dwarf;
				ENABLE_STRICT_OBJC_MSGSEND = YES;
				ENABLE_TESTABILITY = YES;
				GCC_C_LANGUAGE_STANDARD = gnu11;
				GCC_DYNAMIC_NO_PIC = NO;
				GCC_NO_COMMON_BLOCKS = YES;
				GCC_OPTIMIZATION_LEVEL = 0;
				GCC_PREPROCESSOR_DEFINITIONS = (
					"DEBUG=1",
					"$(inherited)",
				);
				GCC_WARN_64_TO_32_BIT_CONVERSION = YES;
				GCC_WARN_ABOUT_RETURN_TYPE = YES_ERROR;
				GCC_WARN_UNDECLARED_SELECTOR = YES;
				GCC_WARN_UNINITIALIZED_AUTOS = YES_AGGRESSIVE;
				GCC_WARN_UNUSED_FUNCTION = YES;
				GCC_WARN_UNUSED_VARIABLE = YES;
				IPHONEOS_DEPLOYMENT_TARGET = 13.5;
				MTL_ENABLE_DEBUG_INFO = INCLUDE_SOURCE;
				MTL_FAST_MATH = YES;
				ONLY_ACTIVE_ARCH = YES;
				SDKROOT = iphoneos;
				SWIFT_ACTIVE_COMPILATION_CONDITIONS = DEBUG;
				SWIFT_OPTIMIZATION_LEVEL = "-Onone";
			};
			name = Debug;
		};
		659578EB24A9066000EB3AB8 /* Release */ = {
			isa = XCBuildConfiguration;
			buildSettings = {
				ALWAYS_SEARCH_USER_PATHS = NO;
				CLANG_ANALYZER_NONNULL = YES;
				CLANG_ANALYZER_NUMBER_OBJECT_CONVERSION = YES_AGGRESSIVE;
				CLANG_CXX_LANGUAGE_STANDARD = "gnu++14";
				CLANG_CXX_LIBRARY = "libc++";
				CLANG_ENABLE_MODULES = YES;
				CLANG_ENABLE_OBJC_ARC = YES;
				CLANG_ENABLE_OBJC_WEAK = YES;
				CLANG_WARN_BLOCK_CAPTURE_AUTORELEASING = YES;
				CLANG_WARN_BOOL_CONVERSION = YES;
				CLANG_WARN_COMMA = YES;
				CLANG_WARN_CONSTANT_CONVERSION = YES;
				CLANG_WARN_DEPRECATED_OBJC_IMPLEMENTATIONS = YES;
				CLANG_WARN_DIRECT_OBJC_ISA_USAGE = YES_ERROR;
				CLANG_WARN_DOCUMENTATION_COMMENTS = YES;
				CLANG_WARN_EMPTY_BODY = YES;
				CLANG_WARN_ENUM_CONVERSION = YES;
				CLANG_WARN_INFINITE_RECURSION = YES;
				CLANG_WARN_INT_CONVERSION = YES;
				CLANG_WARN_NON_LITERAL_NULL_CONVERSION = YES;
				CLANG_WARN_OBJC_IMPLICIT_RETAIN_SELF = YES;
				CLANG_WARN_OBJC_LITERAL_CONVERSION = YES;
				CLANG_WARN_OBJC_ROOT_CLASS = YES_ERROR;
				CLANG_WARN_RANGE_LOOP_ANALYSIS = YES;
				CLANG_WARN_STRICT_PROTOTYPES = YES;
				CLANG_WARN_SUSPICIOUS_MOVE = YES;
				CLANG_WARN_UNGUARDED_AVAILABILITY = YES_AGGRESSIVE;
				CLANG_WARN_UNREACHABLE_CODE = YES;
				CLANG_WARN__DUPLICATE_METHOD_MATCH = YES;
				COPY_PHASE_STRIP = NO;
				DEBUG_INFORMATION_FORMAT = "dwarf-with-dsym";
				ENABLE_NS_ASSERTIONS = NO;
				ENABLE_STRICT_OBJC_MSGSEND = YES;
				GCC_C_LANGUAGE_STANDARD = gnu11;
				GCC_NO_COMMON_BLOCKS = YES;
				GCC_WARN_64_TO_32_BIT_CONVERSION = YES;
				GCC_WARN_ABOUT_RETURN_TYPE = YES_ERROR;
				GCC_WARN_UNDECLARED_SELECTOR = YES;
				GCC_WARN_UNINITIALIZED_AUTOS = YES_AGGRESSIVE;
				GCC_WARN_UNUSED_FUNCTION = YES;
				GCC_WARN_UNUSED_VARIABLE = YES;
				IPHONEOS_DEPLOYMENT_TARGET = 13.5;
				MTL_ENABLE_DEBUG_INFO = NO;
				MTL_FAST_MATH = YES;
				SDKROOT = iphoneos;
				SWIFT_COMPILATION_MODE = wholemodule;
				SWIFT_OPTIMIZATION_LEVEL = "-O";
				VALIDATE_PRODUCT = YES;
			};
			name = Release;
		};
		659578ED24A9066000EB3AB8 /* Debug */ = {
			isa = XCBuildConfiguration;
			buildSettings = {
				ASSETCATALOG_COMPILER_APPICON_NAME = AppIcon;
				CODE_SIGN_STYLE = Automatic;
				DEVELOPMENT_ASSET_PATHS = "";
				DEVELOPMENT_TEAM = 9T9Q2EVV88;
				INFOPLIST_FILE = "$(SRCROOT)/Source/Info.plist";
				LD_RUNPATH_SEARCH_PATHS = (
					"$(inherited)",
					"@executable_path/Frameworks",
				);
				PRODUCT_BUNDLE_IDENTIFIER = com.totvs.camera.app;
				PRODUCT_NAME = TOTVSCamera;
				SWIFT_VERSION = 5.0;
				TARGETED_DEVICE_FAMILY = "1,2";
			};
			name = Debug;
		};
		659578EE24A9066000EB3AB8 /* Release */ = {
			isa = XCBuildConfiguration;
			buildSettings = {
				ASSETCATALOG_COMPILER_APPICON_NAME = AppIcon;
				CODE_SIGN_STYLE = Automatic;
				DEVELOPMENT_ASSET_PATHS = "";
				DEVELOPMENT_TEAM = 9T9Q2EVV88;
				INFOPLIST_FILE = "$(SRCROOT)/Source/Info.plist";
				LD_RUNPATH_SEARCH_PATHS = (
					"$(inherited)",
					"@executable_path/Frameworks",
				);
				PRODUCT_BUNDLE_IDENTIFIER = com.totvs.camera.app;
				PRODUCT_NAME = TOTVSCamera;
				SWIFT_VERSION = 5.0;
				TARGETED_DEVICE_FAMILY = "1,2";
			};
			name = Release;
		};
/* End XCBuildConfiguration section */

/* Begin XCConfigurationList section */
		659578D324A9065D00EB3AB8 /* Build configuration list for PBXProject "Example" */ = {
			isa = XCConfigurationList;
			buildConfigurations = (
				659578EA24A9066000EB3AB8 /* Debug */,
				659578EB24A9066000EB3AB8 /* Release */,
			);
			defaultConfigurationIsVisible = 0;
			defaultConfigurationName = Release;
		};
		659578EC24A9066000EB3AB8 /* Build configuration list for PBXNativeTarget "Example" */ = {
			isa = XCConfigurationList;
			buildConfigurations = (
				659578ED24A9066000EB3AB8 /* Debug */,
				659578EE24A9066000EB3AB8 /* Release */,
			);
			defaultConfigurationIsVisible = 0;
			defaultConfigurationName = Release;
		};
/* End XCConfigurationList section */
	};
	rootObject = 659578D024A9065D00EB3AB8 /* Project object */;
}
