// !$*UTF8*$!
{
	archiveVersion = 1;
	classes = {
	};
	objectVersion = 46;
	objects = {

/* Begin PBXBuildFile section */
		652693A724AC2CE300390E02 /* PreviewView.swift in Sources */ = {isa = PBXBuildFile; fileRef = 652693A324AC2CE300390E02 /* PreviewView.swift */; };
		652693A824AC2CE300390E02 /* CameraSource.swift in Sources */ = {isa = PBXBuildFile; fileRef = 652693A424AC2CE300390E02 /* CameraSource.swift */; };
		652693A924AC2CE300390E02 /* CameraView.swift in Sources */ = {isa = PBXBuildFile; fileRef = 652693A524AC2CE300390E02 /* CameraView.swift */; };
		652693AA24AC2CE300390E02 /* CaptureProcessor.swift in Sources */ = {isa = PBXBuildFile; fileRef = 652693A624AC2CE300390E02 /* CaptureProcessor.swift */; };
		652693B124AC2CF300390E02 /* OutputFileOptions.swift in Sources */ = {isa = PBXBuildFile; fileRef = 652693AB24AC2CF300390E02 /* OutputFileOptions.swift */; };
		652693B224AC2CF300390E02 /* CaptureCallbacks.swift in Sources */ = {isa = PBXBuildFile; fileRef = 652693AC24AC2CF300390E02 /* CaptureCallbacks.swift */; };
		652693B324AC2CF300390E02 /* ImageAnalyzer.swift in Sources */ = {isa = PBXBuildFile; fileRef = 652693AD24AC2CF300390E02 /* ImageAnalyzer.swift */; };
		652693B424AC2CF300390E02 /* Camera.swift in Sources */ = {isa = PBXBuildFile; fileRef = 652693AE24AC2CF300390E02 /* Camera.swift */; };
		652693B524AC2CF300390E02 /* CameraFacing.swift in Sources */ = {isa = PBXBuildFile; fileRef = 652693AF24AC2CF300390E02 /* CameraFacing.swift */; };
		652693B624AC2CF300390E02 /* ImageProxy.swift in Sources */ = {isa = PBXBuildFile; fileRef = 652693B024AC2CF300390E02 /* ImageProxy.swift */; };
/* End PBXBuildFile section */

/* Begin PBXCopyFilesBuildPhase section */
		58B511D91A9E6C8500147676 /* CopyFiles */ = {
			isa = PBXCopyFilesBuildPhase;
			buildActionMask = 2147483647;
			dstPath = "include/$(PRODUCT_NAME)";
			dstSubfolderSpec = 16;
			files = (
			);
			runOnlyForDeploymentPostprocessing = 0;
		};
/* End PBXCopyFilesBuildPhase section */

/* Begin PBXFileReference section */
		134814201AA4EA6300B7C361 /* libTOTVSCameraKit.a */ = {isa = PBXFileReference; explicitFileType = archive.ar; includeInIndex = 0; path = libTOTVSCameraKit.a; sourceTree = BUILT_PRODUCTS_DIR; };
		6526939F24AC2B5C00390E02 /* Bridging-Header.h */ = {isa = PBXFileReference; lastKnownFileType = sourcecode.c.h; path = "Bridging-Header.h"; sourceTree = "<group>"; };
		652693A324AC2CE300390E02 /* PreviewView.swift */ = {isa = PBXFileReference; fileEncoding = 4; lastKnownFileType = sourcecode.swift; path = PreviewView.swift; sourceTree = "<group>"; };
		652693A424AC2CE300390E02 /* CameraSource.swift */ = {isa = PBXFileReference; fileEncoding = 4; lastKnownFileType = sourcecode.swift; path = CameraSource.swift; sourceTree = "<group>"; };
		652693A524AC2CE300390E02 /* CameraView.swift */ = {isa = PBXFileReference; fileEncoding = 4; lastKnownFileType = sourcecode.swift; path = CameraView.swift; sourceTree = "<group>"; };
		652693A624AC2CE300390E02 /* CaptureProcessor.swift */ = {isa = PBXFileReference; fileEncoding = 4; lastKnownFileType = sourcecode.swift; path = CaptureProcessor.swift; sourceTree = "<group>"; };
		652693AB24AC2CF300390E02 /* OutputFileOptions.swift */ = {isa = PBXFileReference; fileEncoding = 4; lastKnownFileType = sourcecode.swift; path = OutputFileOptions.swift; sourceTree = "<group>"; };
		652693AC24AC2CF300390E02 /* CaptureCallbacks.swift */ = {isa = PBXFileReference; fileEncoding = 4; lastKnownFileType = sourcecode.swift; path = CaptureCallbacks.swift; sourceTree = "<group>"; };
		652693AD24AC2CF300390E02 /* ImageAnalyzer.swift */ = {isa = PBXFileReference; fileEncoding = 4; lastKnownFileType = sourcecode.swift; path = ImageAnalyzer.swift; sourceTree = "<group>"; };
		652693AE24AC2CF300390E02 /* Camera.swift */ = {isa = PBXFileReference; fileEncoding = 4; lastKnownFileType = sourcecode.swift; path = Camera.swift; sourceTree = "<group>"; };
		652693AF24AC2CF300390E02 /* CameraFacing.swift */ = {isa = PBXFileReference; fileEncoding = 4; lastKnownFileType = sourcecode.swift; path = CameraFacing.swift; sourceTree = "<group>"; };
		652693B024AC2CF300390E02 /* ImageProxy.swift */ = {isa = PBXFileReference; fileEncoding = 4; lastKnownFileType = sourcecode.swift; path = ImageProxy.swift; sourceTree = "<group>"; };
/* End PBXFileReference section */

/* Begin PBXFrameworksBuildPhase section */
		58B511D81A9E6C8500147676 /* Frameworks */ = {
			isa = PBXFrameworksBuildPhase;
			buildActionMask = 2147483647;
			files = (
			);
			runOnlyForDeploymentPostprocessing = 0;
		};
/* End PBXFrameworksBuildPhase section */

/* Begin PBXGroup section */
		134814211AA4EA7D00B7C361 /* Products */ = {
			isa = PBXGroup;
			children = (
				134814201AA4EA6300B7C361 /* libTOTVSCameraKit.a */,
			);
			name = Products;
			sourceTree = "<group>";
		};
		58B511D21A9E6C8500147676 = {
			isa = PBXGroup;
			children = (
				6577A37E24AC299000C4B127 /* Vision */,
				6577A37D24AC298A00C4B127 /* View */,
				6577A37C24AC295D00C4B127 /* Core */,
				652693A224AC2C5400390E02 /* Supporting Files */,
				134814211AA4EA7D00B7C361 /* Products */,
			);
			sourceTree = "<group>";
		};
		652693A224AC2C5400390E02 /* Supporting Files */ = {
			isa = PBXGroup;
			children = (
				6526939F24AC2B5C00390E02 /* Bridging-Header.h */,
			);
			name = "Supporting Files";
			sourceTree = "<group>";
		};
		6577A37C24AC295D00C4B127 /* Core */ = {
			isa = PBXGroup;
			children = (
				652693AE24AC2CF300390E02 /* Camera.swift */,
				652693AF24AC2CF300390E02 /* CameraFacing.swift */,
				652693AC24AC2CF300390E02 /* CaptureCallbacks.swift */,
				652693AD24AC2CF300390E02 /* ImageAnalyzer.swift */,
				652693B024AC2CF300390E02 /* ImageProxy.swift */,
				652693AB24AC2CF300390E02 /* OutputFileOptions.swift */,
			);
			path = Core;
			sourceTree = "<group>";
		};
		6577A37D24AC298A00C4B127 /* View */ = {
			isa = PBXGroup;
			children = (
				652693A424AC2CE300390E02 /* CameraSource.swift */,
				652693A524AC2CE300390E02 /* CameraView.swift */,
				652693A624AC2CE300390E02 /* CaptureProcessor.swift */,
				652693A324AC2CE300390E02 /* PreviewView.swift */,
			);
			path = View;
			sourceTree = "<group>";
		};
		6577A37E24AC299000C4B127 /* Vision */ = {
			isa = PBXGroup;
			children = (
			);
			path = Vision;
			sourceTree = "<group>";
		};
/* End PBXGroup section */

/* Begin PBXNativeTarget section */
		58B511DA1A9E6C8500147676 /* TOTVSCameraKit */ = {
			isa = PBXNativeTarget;
			buildConfigurationList = 58B511EF1A9E6C8500147676 /* Build configuration list for PBXNativeTarget "TOTVSCameraKit" */;
			buildPhases = (
				58B511D71A9E6C8500147676 /* Sources */,
				58B511D81A9E6C8500147676 /* Frameworks */,
				58B511D91A9E6C8500147676 /* CopyFiles */,
			);
			buildRules = (
			);
			dependencies = (
			);
			name = TOTVSCameraKit;
			productName = RCTDataManager;
			productReference = 134814201AA4EA6300B7C361 /* libTOTVSCameraKit.a */;
			productType = "com.apple.product-type.library.static";
		};
/* End PBXNativeTarget section */

/* Begin PBXProject section */
		58B511D31A9E6C8500147676 /* Project object */ = {
			isa = PBXProject;
			attributes = {
				LastUpgradeCheck = 0830;
				ORGANIZATIONNAME = "TOTVS Lab";
				TargetAttributes = {
					58B511DA1A9E6C8500147676 = {
						CreatedOnToolsVersion = 6.1.1;
						LastSwiftMigration = 1150;
					};
				};
			};
			buildConfigurationList = 58B511D61A9E6C8500147676 /* Build configuration list for PBXProject "TOTVSCameraKit" */;
			compatibilityVersion = "Xcode 3.2";
			developmentRegion = English;
			hasScannedForEncodings = 0;
			knownRegions = (
				English,
				en,
			);
			mainGroup = 58B511D21A9E6C8500147676;
			productRefGroup = 58B511D21A9E6C8500147676;
			projectDirPath = "";
			projectRoot = "";
			targets = (
				58B511DA1A9E6C8500147676 /* TOTVSCameraKit */,
			);
		};
/* End PBXProject section */

/* Begin PBXSourcesBuildPhase section */
		58B511D71A9E6C8500147676 /* Sources */ = {
			isa = PBXSourcesBuildPhase;
			buildActionMask = 2147483647;
			files = (
				652693B424AC2CF300390E02 /* Camera.swift in Sources */,
				652693A924AC2CE300390E02 /* CameraView.swift in Sources */,
				652693B324AC2CF300390E02 /* ImageAnalyzer.swift in Sources */,
				652693AA24AC2CE300390E02 /* CaptureProcessor.swift in Sources */,
				652693B624AC2CF300390E02 /* ImageProxy.swift in Sources */,
				652693B124AC2CF300390E02 /* OutputFileOptions.swift in Sources */,
				652693B224AC2CF300390E02 /* CaptureCallbacks.swift in Sources */,
				652693A724AC2CE300390E02 /* PreviewView.swift in Sources */,
				652693B524AC2CF300390E02 /* CameraFacing.swift in Sources */,
				652693A824AC2CE300390E02 /* CameraSource.swift in Sources */,
			);
			runOnlyForDeploymentPostprocessing = 0;
		};
/* End PBXSourcesBuildPhase section */

/* Begin XCBuildConfiguration section */
		58B511ED1A9E6C8500147676 /* Debug */ = {
			isa = XCBuildConfiguration;
			buildSettings = {
				ALWAYS_SEARCH_USER_PATHS = NO;
				CLANG_CXX_LANGUAGE_STANDARD = "gnu++0x";
				CLANG_CXX_LIBRARY = "libc++";
				CLANG_ENABLE_MODULES = YES;
				CLANG_ENABLE_OBJC_ARC = YES;
				CLANG_WARN_BOOL_CONVERSION = YES;
				CLANG_WARN_CONSTANT_CONVERSION = YES;
				CLANG_WARN_DIRECT_OBJC_ISA_USAGE = YES_ERROR;
				CLANG_WARN_EMPTY_BODY = YES;
				CLANG_WARN_ENUM_CONVERSION = YES;
				CLANG_WARN_INFINITE_RECURSION = YES;
				CLANG_WARN_INT_CONVERSION = YES;
				CLANG_WARN_OBJC_ROOT_CLASS = YES_ERROR;
				CLANG_WARN_SUSPICIOUS_MOVE = YES;
				CLANG_WARN_UNREACHABLE_CODE = YES;
				CLANG_WARN__DUPLICATE_METHOD_MATCH = YES;
				COPY_PHASE_STRIP = NO;
				ENABLE_STRICT_OBJC_MSGSEND = YES;
				ENABLE_TESTABILITY = YES;
				GCC_C_LANGUAGE_STANDARD = gnu99;
				GCC_DYNAMIC_NO_PIC = NO;
				GCC_NO_COMMON_BLOCKS = YES;
				GCC_OPTIMIZATION_LEVEL = 0;
				GCC_PREPROCESSOR_DEFINITIONS = (
					"DEBUG=1",
					"$(inherited)",
				);
				GCC_SYMBOLS_PRIVATE_EXTERN = NO;
				GCC_WARN_64_TO_32_BIT_CONVERSION = YES;
				GCC_WARN_ABOUT_RETURN_TYPE = YES_ERROR;
				GCC_WARN_UNDECLARED_SELECTOR = YES;
				GCC_WARN_UNINITIALIZED_AUTOS = YES_AGGRESSIVE;
				GCC_WARN_UNUSED_FUNCTION = YES;
				GCC_WARN_UNUSED_VARIABLE = YES;
				IPHONEOS_DEPLOYMENT_TARGET = 13.0;
				MTL_ENABLE_DEBUG_INFO = YES;
				ONLY_ACTIVE_ARCH = YES;
				SDKROOT = iphoneos;
			};
			name = Debug;
		};
		58B511EE1A9E6C8500147676 /* Release */ = {
			isa = XCBuildConfiguration;
			buildSettings = {
				ALWAYS_SEARCH_USER_PATHS = NO;
				CLANG_CXX_LANGUAGE_STANDARD = "gnu++0x";
				CLANG_CXX_LIBRARY = "libc++";
				CLANG_ENABLE_MODULES = YES;
				CLANG_ENABLE_OBJC_ARC = YES;
				CLANG_WARN_BOOL_CONVERSION = YES;
				CLANG_WARN_CONSTANT_CONVERSION = YES;
				CLANG_WARN_DIRECT_OBJC_ISA_USAGE = YES_ERROR;
				CLANG_WARN_EMPTY_BODY = YES;
				CLANG_WARN_ENUM_CONVERSION = YES;
				CLANG_WARN_INFINITE_RECURSION = YES;
				CLANG_WARN_INT_CONVERSION = YES;
				CLANG_WARN_OBJC_ROOT_CLASS = YES_ERROR;
				CLANG_WARN_SUSPICIOUS_MOVE = YES;
				CLANG_WARN_UNREACHABLE_CODE = YES;
				CLANG_WARN__DUPLICATE_METHOD_MATCH = YES;
				COPY_PHASE_STRIP = YES;
				ENABLE_NS_ASSERTIONS = NO;
				ENABLE_STRICT_OBJC_MSGSEND = YES;
				GCC_C_LANGUAGE_STANDARD = gnu99;
				GCC_NO_COMMON_BLOCKS = YES;
				GCC_WARN_64_TO_32_BIT_CONVERSION = YES;
				GCC_WARN_ABOUT_RETURN_TYPE = YES_ERROR;
				GCC_WARN_UNDECLARED_SELECTOR = YES;
				GCC_WARN_UNINITIALIZED_AUTOS = YES_AGGRESSIVE;
				GCC_WARN_UNUSED_FUNCTION = YES;
				GCC_WARN_UNUSED_VARIABLE = YES;
				IPHONEOS_DEPLOYMENT_TARGET = 13.0;
				MTL_ENABLE_DEBUG_INFO = NO;
				SDKROOT = iphoneos;
				VALIDATE_PRODUCT = YES;
			};
			name = Release;
		};
		58B511F01A9E6C8500147676 /* Debug */ = {
			isa = XCBuildConfiguration;
			buildSettings = {
				CLANG_ENABLE_MODULES = YES;
				HEADER_SEARCH_PATHS = (
					"$(inherited)",
					/Applications/Xcode.app/Contents/Developer/Toolchains/XcodeDefault.xctoolchain/usr/include,
					"$(SRCROOT)/../../../React/**",
					"$(SRCROOT)/../../react-native/React/**",
					"$(SRCROOT)/../../react-native-totvs-camera-app/node_modules/react-native/React/**",
				);
				LD_RUNPATH_SEARCH_PATHS = "$(inherited) @executable_path/Frameworks @loader_path/Frameworks";
				LIBRARY_SEARCH_PATHS = "$(inherited)";
				OTHER_LDFLAGS = "-ObjC";
				PRODUCT_NAME = TOTVSCameraKit;
				SKIP_INSTALL = YES;
				SWIFT_OBJC_BRIDGING_HEADER = "Bridging-Header.h";
				SWIFT_OPTIMIZATION_LEVEL = "-Onone";
				SWIFT_VERSION = 5.0;
			};
			name = Debug;
		};
		58B511F11A9E6C8500147676 /* Release */ = {
			isa = XCBuildConfiguration;
			buildSettings = {
				CLANG_ENABLE_MODULES = YES;
				HEADER_SEARCH_PATHS = (
					"$(inherited)",
					/Applications/Xcode.app/Contents/Developer/Toolchains/XcodeDefault.xctoolchain/usr/include,
					"$(SRCROOT)/../../../React/**",
					"$(SRCROOT)/../../react-native/React/**",
					"$(SRCROOT)/../../react-native-totvs-camera-app/node_modules/react-native/React/**",
				);
				LD_RUNPATH_SEARCH_PATHS = "$(inherited) @executable_path/Frameworks @loader_path/Frameworks";
				LIBRARY_SEARCH_PATHS = "$(inherited)";
				OTHER_LDFLAGS = "-ObjC";
				PRODUCT_NAME = TOTVSCameraKit;
				SKIP_INSTALL = YES;
				SWIFT_OBJC_BRIDGING_HEADER = "Bridging-Header.h";
				SWIFT_VERSION = 5.0;
			};
			name = Release;
		};
/* End XCBuildConfiguration section */

/* Begin XCConfigurationList section */
		58B511D61A9E6C8500147676 /* Build configuration list for PBXProject "TOTVSCameraKit" */ = {
			isa = XCConfigurationList;
			buildConfigurations = (
				58B511ED1A9E6C8500147676 /* Debug */,
				58B511EE1A9E6C8500147676 /* Release */,
			);
			defaultConfigurationIsVisible = 0;
			defaultConfigurationName = Release;
		};
		58B511EF1A9E6C8500147676 /* Build configuration list for PBXNativeTarget "TOTVSCameraKit" */ = {
			isa = XCConfigurationList;
			buildConfigurations = (
				58B511F01A9E6C8500147676 /* Debug */,
				58B511F11A9E6C8500147676 /* Release */,
			);
			defaultConfigurationIsVisible = 0;
			defaultConfigurationName = Release;
		};
/* End XCConfigurationList section */
	};
	rootObject = 58B511D31A9E6C8500147676 /* Project object */;
}
