// !$*UTF8*$!
{
	archiveVersion = 1;
	classes = {
	};
	objectVersion = 46;
	objects = {

/* Begin PBXBuildFile section */
		65046A2524D3302E00A0AC6D /* Model.swift in Sources */ = {isa = PBXBuildFile; fileRef = 65046A2424D3302E00A0AC6D /* Model.swift */; };
		65046A2724D330A800A0AC6D /* ModelConfig.swift in Sources */ = {isa = PBXBuildFile; fileRef = 65046A2624D330A800A0AC6D /* ModelConfig.swift */; };
		65046A2924D3313B00A0AC6D /* RecognitionModel.swift in Sources */ = {isa = PBXBuildFile; fileRef = 65046A2824D3313B00A0AC6D /* RecognitionModel.swift */; };
		65046A2B24D3314100A0AC6D /* DetectionModel.swift in Sources */ = {isa = PBXBuildFile; fileRef = 65046A2A24D3314100A0AC6D /* DetectionModel.swift */; };
		65046A2D24D3322900A0AC6D /* ModelProvider.swift in Sources */ = {isa = PBXBuildFile; fileRef = 65046A2C24D3322900A0AC6D /* ModelProvider.swift */; };
		65B0BE4224D4AB3800E86FDD /* VisionBarcodeCamera.swift in Sources */ = {isa = PBXBuildFile; fileRef = 65B0BE4124D4AB3800E86FDD /* VisionBarcodeCamera.swift */; };
		65B0BE4424D4AB5500E86FDD /* VisionBarcodeCameraView.swift in Sources */ = {isa = PBXBuildFile; fileRef = 65B0BE4324D4AB5500E86FDD /* VisionBarcodeCameraView.swift */; };
		65B0BE4624D4AB8A00E86FDD /* VisionBarcodeCameraViewManager.swift in Sources */ = {isa = PBXBuildFile; fileRef = 65B0BE4524D4AB8A00E86FDD /* VisionBarcodeCameraViewManager.swift */; };
		65B0BE4824D4AB9800E86FDD /* VisionBarcodeCameraViewManager.m in Sources */ = {isa = PBXBuildFile; fileRef = 65B0BE4724D4AB9800E86FDD /* VisionBarcodeCameraViewManager.m */; };
		65B0BE4A24D5DBD800E86FDD /* Proximity.swift in Sources */ = {isa = PBXBuildFile; fileRef = 65B0BE4924D5DBD800E86FDD /* Proximity.swift */; };
		65B0BE4C24D5DCA500E86FDD /* RecognitionOptions.swift in Sources */ = {isa = PBXBuildFile; fileRef = 65B0BE4B24D5DCA500E86FDD /* RecognitionOptions.swift */; };
		65B0BE4E24D5DD0D00E86FDD /* RecognitionResult.swift in Sources */ = {isa = PBXBuildFile; fileRef = 65B0BE4D24D5DD0D00E86FDD /* RecognitionResult.swift */; };
		65B0BE5024D5E39000E86FDD /* FaceGraphic.swift in Sources */ = {isa = PBXBuildFile; fileRef = 65B0BE4F24D5E39000E86FDD /* FaceGraphic.swift */; };
		65CB8AED24D33F790018FB6C /* RecognitionDetectionModel.swift in Sources */ = {isa = PBXBuildFile; fileRef = 65CB8AEC24D33F790018FB6C /* RecognitionDetectionModel.swift */; };
		65CB8AF024D340560018FB6C /* NativeFaceModel.swift in Sources */ = {isa = PBXBuildFile; fileRef = 65CB8AEF24D340560018FB6C /* NativeFaceModel.swift */; };
		65CB8AF524D36B330018FB6C /* Face.swift in Sources */ = {isa = PBXBuildFile; fileRef = 65CB8AF424D36B330018FB6C /* Face.swift */; };
		65CB8AF724D36BD00018FB6C /* NativeFace.swift in Sources */ = {isa = PBXBuildFile; fileRef = 65CB8AF624D36BD00018FB6C /* NativeFace.swift */; };
		65CB8AF924D36C9D0018FB6C /* VisionFaceCameraViewManager.swift in Sources */ = {isa = PBXBuildFile; fileRef = 65CB8AF824D36C9D0018FB6C /* VisionFaceCameraViewManager.swift */; };
		65CB8AFB24D36CBD0018FB6C /* VisionFaceCameraViewManager.m in Sources */ = {isa = PBXBuildFile; fileRef = 65CB8AFA24D36CBD0018FB6C /* VisionFaceCameraViewManager.m */; };
		65CB8AFD24D36D1E0018FB6C /* VisionFaceCameraView.swift in Sources */ = {isa = PBXBuildFile; fileRef = 65CB8AFC24D36D1E0018FB6C /* VisionFaceCameraView.swift */; };
		65CB8AFF24D36DC90018FB6C /* VisionFaceCamera.swift in Sources */ = {isa = PBXBuildFile; fileRef = 65CB8AFE24D36DC90018FB6C /* VisionFaceCamera.swift */; };
		65CB8B0124D36DE90018FB6C /* VisionCamera.swift in Sources */ = {isa = PBXBuildFile; fileRef = 65CB8B0024D36DE90018FB6C /* VisionCamera.swift */; };
		65CB8B0324D4A7980018FB6C /* Liveness.swift in Sources */ = {isa = PBXBuildFile; fileRef = 65CB8B0224D4A7980018FB6C /* Liveness.swift */; };
		65D4D01A24CF80260020A0DF /* VisionModule.swift in Sources */ = {isa = PBXBuildFile; fileRef = 65D4D01924CF80260020A0DF /* VisionModule.swift */; };
		65D4D01C24CF804D0020A0DF /* VisionModule.m in Sources */ = {isa = PBXBuildFile; fileRef = 65D4D01B24CF804D0020A0DF /* VisionModule.m */; };
		65D4D02124CF9CC10020A0DF /* FileUtils.swift in Sources */ = {isa = PBXBuildFile; fileRef = 65D4D02024CF9CC10020A0DF /* FileUtils.swift */; };
/* End PBXBuildFile section */

/* Begin PBXCopyFilesBuildPhase section */
		58B511D91A9E6C8500147676 /* CopyFiles */ = {
			isa = PBXCopyFilesBuildPhase;
			buildActionMask = 2147483647;
			dstPath = "include/$(PRODUCT_NAME)";
			dstSubfolderSpec = 16;
			files = (
			);
			runOnlyForDeploymentPostprocessing = 0;
		};
/* End PBXCopyFilesBuildPhase section */

/* Begin PBXFileReference section */
		134814201AA4EA6300B7C361 /* libTOTVSClockInVision.a */ = {isa = PBXFileReference; explicitFileType = archive.ar; includeInIndex = 0; path = libTOTVSClockInVision.a; sourceTree = BUILT_PRODUCTS_DIR; };
		65046A2424D3302E00A0AC6D /* Model.swift */ = {isa = PBXFileReference; lastKnownFileType = sourcecode.swift; path = Model.swift; sourceTree = "<group>"; };
		65046A2624D330A800A0AC6D /* ModelConfig.swift */ = {isa = PBXFileReference; lastKnownFileType = sourcecode.swift; path = ModelConfig.swift; sourceTree = "<group>"; };
		65046A2824D3313B00A0AC6D /* RecognitionModel.swift */ = {isa = PBXFileReference; lastKnownFileType = sourcecode.swift; path = RecognitionModel.swift; sourceTree = "<group>"; };
		65046A2A24D3314100A0AC6D /* DetectionModel.swift */ = {isa = PBXFileReference; lastKnownFileType = sourcecode.swift; path = DetectionModel.swift; sourceTree = "<group>"; };
		65046A2C24D3322900A0AC6D /* ModelProvider.swift */ = {isa = PBXFileReference; lastKnownFileType = sourcecode.swift; path = ModelProvider.swift; sourceTree = "<group>"; };
		65B0BE4124D4AB3800E86FDD /* VisionBarcodeCamera.swift */ = {isa = PBXFileReference; lastKnownFileType = sourcecode.swift; path = VisionBarcodeCamera.swift; sourceTree = "<group>"; };
		65B0BE4324D4AB5500E86FDD /* VisionBarcodeCameraView.swift */ = {isa = PBXFileReference; lastKnownFileType = sourcecode.swift; path = VisionBarcodeCameraView.swift; sourceTree = "<group>"; };
		65B0BE4524D4AB8A00E86FDD /* VisionBarcodeCameraViewManager.swift */ = {isa = PBXFileReference; lastKnownFileType = sourcecode.swift; path = VisionBarcodeCameraViewManager.swift; sourceTree = "<group>"; };
		65B0BE4724D4AB9800E86FDD /* VisionBarcodeCameraViewManager.m */ = {isa = PBXFileReference; lastKnownFileType = sourcecode.c.objc; path = VisionBarcodeCameraViewManager.m; sourceTree = "<group>"; };
		65B0BE4924D5DBD800E86FDD /* Proximity.swift */ = {isa = PBXFileReference; lastKnownFileType = sourcecode.swift; path = Proximity.swift; sourceTree = "<group>"; };
		65B0BE4B24D5DCA500E86FDD /* RecognitionOptions.swift */ = {isa = PBXFileReference; lastKnownFileType = sourcecode.swift; path = RecognitionOptions.swift; sourceTree = "<group>"; };
		65B0BE4D24D5DD0D00E86FDD /* RecognitionResult.swift */ = {isa = PBXFileReference; lastKnownFileType = sourcecode.swift; path = RecognitionResult.swift; sourceTree = "<group>"; };
		65B0BE4F24D5E39000E86FDD /* FaceGraphic.swift */ = {isa = PBXFileReference; lastKnownFileType = sourcecode.swift; path = FaceGraphic.swift; sourceTree = "<group>"; };
		65CB8AEC24D33F790018FB6C /* RecognitionDetectionModel.swift */ = {isa = PBXFileReference; lastKnownFileType = sourcecode.swift; path = RecognitionDetectionModel.swift; sourceTree = "<group>"; };
		65CB8AEF24D340560018FB6C /* NativeFaceModel.swift */ = {isa = PBXFileReference; lastKnownFileType = sourcecode.swift; path = NativeFaceModel.swift; sourceTree = "<group>"; };
		65CB8AF224D355220018FB6C /* ClockInVision.bundle */ = {isa = PBXFileReference; lastKnownFileType = "wrapper.plug-in"; path = ClockInVision.bundle; sourceTree = "<group>"; };
		65CB8AF424D36B330018FB6C /* Face.swift */ = {isa = PBXFileReference; lastKnownFileType = sourcecode.swift; path = Face.swift; sourceTree = "<group>"; };
		65CB8AF624D36BD00018FB6C /* NativeFace.swift */ = {isa = PBXFileReference; lastKnownFileType = sourcecode.swift; path = NativeFace.swift; sourceTree = "<group>"; };
		65CB8AF824D36C9D0018FB6C /* VisionFaceCameraViewManager.swift */ = {isa = PBXFileReference; lastKnownFileType = sourcecode.swift; path = VisionFaceCameraViewManager.swift; sourceTree = "<group>"; };
		65CB8AFA24D36CBD0018FB6C /* VisionFaceCameraViewManager.m */ = {isa = PBXFileReference; lastKnownFileType = sourcecode.c.objc; path = VisionFaceCameraViewManager.m; sourceTree = "<group>"; };
		65CB8AFC24D36D1E0018FB6C /* VisionFaceCameraView.swift */ = {isa = PBXFileReference; lastKnownFileType = sourcecode.swift; path = VisionFaceCameraView.swift; sourceTree = "<group>"; };
		65CB8AFE24D36DC90018FB6C /* VisionFaceCamera.swift */ = {isa = PBXFileReference; lastKnownFileType = sourcecode.swift; path = VisionFaceCamera.swift; sourceTree = "<group>"; };
		65CB8B0024D36DE90018FB6C /* VisionCamera.swift */ = {isa = PBXFileReference; lastKnownFileType = sourcecode.swift; path = VisionCamera.swift; sourceTree = "<group>"; };
		65CB8B0224D4A7980018FB6C /* Liveness.swift */ = {isa = PBXFileReference; lastKnownFileType = sourcecode.swift; path = Liveness.swift; sourceTree = "<group>"; };
		65D4D01624CF703F0020A0DF /* Bridging-Header.h */ = {isa = PBXFileReference; lastKnownFileType = sourcecode.c.h; path = "Bridging-Header.h"; sourceTree = "<group>"; };
		65D4D01924CF80260020A0DF /* VisionModule.swift */ = {isa = PBXFileReference; lastKnownFileType = sourcecode.swift; path = VisionModule.swift; sourceTree = "<group>"; };
		65D4D01B24CF804D0020A0DF /* VisionModule.m */ = {isa = PBXFileReference; lastKnownFileType = sourcecode.c.objc; path = VisionModule.m; sourceTree = "<group>"; };
		65D4D02024CF9CC10020A0DF /* FileUtils.swift */ = {isa = PBXFileReference; lastKnownFileType = sourcecode.swift; path = FileUtils.swift; sourceTree = "<group>"; };
/* End PBXFileReference section */

/* Begin PBXFrameworksBuildPhase section */
		58B511D81A9E6C8500147676 /* Frameworks */ = {
			isa = PBXFrameworksBuildPhase;
			buildActionMask = 2147483647;
			files = (
			);
			runOnlyForDeploymentPostprocessing = 0;
		};
/* End PBXFrameworksBuildPhase section */

/* Begin PBXGroup section */
		134814211AA4EA7D00B7C361 /* Products */ = {
			isa = PBXGroup;
			children = (
				134814201AA4EA6300B7C361 /* libTOTVSClockInVision.a */,
			);
			name = Products;
			sourceTree = "<group>";
		};
		58B511D21A9E6C8500147676 = {
			isa = PBXGroup;
			children = (
				65B0BE4024D4AB2400E86FDD /* Barcode */,
				65CB8AF324D36B210018FB6C /* Face */,
				65CB8AEE24D3402E0018FB6C /* Impl */,
				65046A2124D32E8100A0AC6D /* Resources */,
				65D4D01F24CF9C9E0020A0DF /* Core */,
				65D4D01E24CF9C8E0020A0DF /* Views */,
				65D4D01D24CF9C750020A0DF /* Utils */,
				65D4D01B24CF804D0020A0DF /* VisionModule.m */,
				65D4D01924CF80260020A0DF /* VisionModule.swift */,
				65CB8AFA24D36CBD0018FB6C /* VisionFaceCameraViewManager.m */,
				65CB8AF824D36C9D0018FB6C /* VisionFaceCameraViewManager.swift */,
				65B0BE4724D4AB9800E86FDD /* VisionBarcodeCameraViewManager.m */,
				65B0BE4524D4AB8A00E86FDD /* VisionBarcodeCameraViewManager.swift */,
				65D4D01624CF703F0020A0DF /* Bridging-Header.h */,
				134814211AA4EA7D00B7C361 /* Products */,
			);
			sourceTree = "<group>";
		};
		65046A2124D32E8100A0AC6D /* Resources */ = {
			isa = PBXGroup;
			children = (
				65CB8AF224D355220018FB6C /* ClockInVision.bundle */,
			);
			path = Resources;
			sourceTree = "<group>";
		};
		65B0BE4024D4AB2400E86FDD /* Barcode */ = {
			isa = PBXGroup;
			children = (
				65B0BE4124D4AB3800E86FDD /* VisionBarcodeCamera.swift */,
			);
			path = Barcode;
			sourceTree = "<group>";
		};
		65CB8AEE24D3402E0018FB6C /* Impl */ = {
			isa = PBXGroup;
			children = (
				65CB8AEF24D340560018FB6C /* NativeFaceModel.swift */,
				65CB8AF624D36BD00018FB6C /* NativeFace.swift */,
			);
			path = Impl;
			sourceTree = "<group>";
		};
		65CB8AF324D36B210018FB6C /* Face */ = {
			isa = PBXGroup;
			children = (
				65CB8AF424D36B330018FB6C /* Face.swift */,
				65CB8AFE24D36DC90018FB6C /* VisionFaceCamera.swift */,
				65CB8B0224D4A7980018FB6C /* Liveness.swift */,
				65B0BE4924D5DBD800E86FDD /* Proximity.swift */,
				65B0BE4B24D5DCA500E86FDD /* RecognitionOptions.swift */,
				65B0BE4D24D5DD0D00E86FDD /* RecognitionResult.swift */,
				65B0BE4F24D5E39000E86FDD /* FaceGraphic.swift */,
			);
			path = Face;
			sourceTree = "<group>";
		};
		65D4D01D24CF9C750020A0DF /* Utils */ = {
			isa = PBXGroup;
			children = (
				65D4D02024CF9CC10020A0DF /* FileUtils.swift */,
			);
			path = Utils;
			sourceTree = "<group>";
		};
		65D4D01E24CF9C8E0020A0DF /* Views */ = {
			isa = PBXGroup;
			children = (
				65CB8AFC24D36D1E0018FB6C /* VisionFaceCameraView.swift */,
				65B0BE4324D4AB5500E86FDD /* VisionBarcodeCameraView.swift */,
			);
			path = Views;
			sourceTree = "<group>";
		};
		65D4D01F24CF9C9E0020A0DF /* Core */ = {
			isa = PBXGroup;
			children = (
				65046A2424D3302E00A0AC6D /* Model.swift */,
				65046A2624D330A800A0AC6D /* ModelConfig.swift */,
				65046A2824D3313B00A0AC6D /* RecognitionModel.swift */,
				65046A2A24D3314100A0AC6D /* DetectionModel.swift */,
				65046A2C24D3322900A0AC6D /* ModelProvider.swift */,
				65CB8AEC24D33F790018FB6C /* RecognitionDetectionModel.swift */,
				65CB8B0024D36DE90018FB6C /* VisionCamera.swift */,
			);
			path = Core;
			sourceTree = "<group>";
		};
/* End PBXGroup section */

/* Begin PBXNativeTarget section */
		58B511DA1A9E6C8500147676 /* TOTVSClockInVision */ = {
			isa = PBXNativeTarget;
			buildConfigurationList = 58B511EF1A9E6C8500147676 /* Build configuration list for PBXNativeTarget "TOTVSClockInVision" */;
			buildPhases = (
				58B511D71A9E6C8500147676 /* Sources */,
				58B511D81A9E6C8500147676 /* Frameworks */,
				58B511D91A9E6C8500147676 /* CopyFiles */,
			);
			buildRules = (
			);
			dependencies = (
			);
			name = TOTVSClockInVision;
			productName = RCTDataManager;
			productReference = 134814201AA4EA6300B7C361 /* libTOTVSClockInVision.a */;
			productType = "com.apple.product-type.library.static";
		};
/* End PBXNativeTarget section */

/* Begin PBXProject section */
		58B511D31A9E6C8500147676 /* Project object */ = {
			isa = PBXProject;
			attributes = {
				LastUpgradeCheck = 0830;
				ORGANIZATIONNAME = Facebook;
				TargetAttributes = {
					58B511DA1A9E6C8500147676 = {
						CreatedOnToolsVersion = 6.1.1;
						LastSwiftMigration = 1150;
					};
				};
			};
			buildConfigurationList = 58B511D61A9E6C8500147676 /* Build configuration list for PBXProject "TOTVSClockInVision" */;
			compatibilityVersion = "Xcode 3.2";
			developmentRegion = English;
			hasScannedForEncodings = 0;
			knownRegions = (
				English,
				en,
			);
			mainGroup = 58B511D21A9E6C8500147676;
			productRefGroup = 58B511D21A9E6C8500147676;
			projectDirPath = "";
			projectRoot = "";
			targets = (
				58B511DA1A9E6C8500147676 /* TOTVSClockInVision */,
			);
		};
/* End PBXProject section */

/* Begin PBXSourcesBuildPhase section */
		58B511D71A9E6C8500147676 /* Sources */ = {
			isa = PBXSourcesBuildPhase;
			buildActionMask = 2147483647;
			files = (
				65B0BE4C24D5DCA500E86FDD /* RecognitionOptions.swift in Sources */,
				65D4D02124CF9CC10020A0DF /* FileUtils.swift in Sources */,
				65CB8AFD24D36D1E0018FB6C /* VisionFaceCameraView.swift in Sources */,
				65B0BE4824D4AB9800E86FDD /* VisionBarcodeCameraViewManager.m in Sources */,
				65046A2724D330A800A0AC6D /* ModelConfig.swift in Sources */,
				65B0BE4624D4AB8A00E86FDD /* VisionBarcodeCameraViewManager.swift in Sources */,
				65CB8AFF24D36DC90018FB6C /* VisionFaceCamera.swift in Sources */,
				65046A2D24D3322900A0AC6D /* ModelProvider.swift in Sources */,
				65D4D01A24CF80260020A0DF /* VisionModule.swift in Sources */,
				65CB8AFB24D36CBD0018FB6C /* VisionFaceCameraViewManager.m in Sources */,
				65CB8AF924D36C9D0018FB6C /* VisionFaceCameraViewManager.swift in Sources */,
				65B0BE4E24D5DD0D00E86FDD /* RecognitionResult.swift in Sources */,
				65CB8AED24D33F790018FB6C /* RecognitionDetectionModel.swift in Sources */,
				65046A2924D3313B00A0AC6D /* RecognitionModel.swift in Sources */,
				65CB8B0324D4A7980018FB6C /* Liveness.swift in Sources */,
				65CB8B0124D36DE90018FB6C /* VisionCamera.swift in Sources */,
				65046A2B24D3314100A0AC6D /* DetectionModel.swift in Sources */,
				65B0BE5024D5E39000E86FDD /* FaceGraphic.swift in Sources */,
				65CB8AF024D340560018FB6C /* NativeFaceModel.swift in Sources */,
				65D4D01C24CF804D0020A0DF /* VisionModule.m in Sources */,
				65CB8AF724D36BD00018FB6C /* NativeFace.swift in Sources */,
				65B0BE4A24D5DBD800E86FDD /* Proximity.swift in Sources */,
				65B0BE4424D4AB5500E86FDD /* VisionBarcodeCameraView.swift in Sources */,
				65B0BE4224D4AB3800E86FDD /* VisionBarcodeCamera.swift in Sources */,
				65046A2524D3302E00A0AC6D /* Model.swift in Sources */,
				65CB8AF524D36B330018FB6C /* Face.swift in Sources */,
			);
			runOnlyForDeploymentPostprocessing = 0;
		};
/* End PBXSourcesBuildPhase section */

/* Begin XCBuildConfiguration section */
		58B511ED1A9E6C8500147676 /* Debug */ = {
			isa = XCBuildConfiguration;
			buildSettings = {
				ALWAYS_SEARCH_USER_PATHS = NO;
				CLANG_CXX_LANGUAGE_STANDARD = "gnu++0x";
				CLANG_CXX_LIBRARY = "libc++";
				CLANG_ENABLE_MODULES = YES;
				CLANG_ENABLE_OBJC_ARC = YES;
				CLANG_WARN_BOOL_CONVERSION = YES;
				CLANG_WARN_CONSTANT_CONVERSION = YES;
				CLANG_WARN_DIRECT_OBJC_ISA_USAGE = YES_ERROR;
				CLANG_WARN_EMPTY_BODY = YES;
				CLANG_WARN_ENUM_CONVERSION = YES;
				CLANG_WARN_INFINITE_RECURSION = YES;
				CLANG_WARN_INT_CONVERSION = YES;
				CLANG_WARN_OBJC_ROOT_CLASS = YES_ERROR;
				CLANG_WARN_SUSPICIOUS_MOVE = YES;
				CLANG_WARN_UNREACHABLE_CODE = YES;
				CLANG_WARN__DUPLICATE_METHOD_MATCH = YES;
				COPY_PHASE_STRIP = NO;
				ENABLE_STRICT_OBJC_MSGSEND = YES;
				ENABLE_TESTABILITY = YES;
				GCC_C_LANGUAGE_STANDARD = gnu99;
				GCC_DYNAMIC_NO_PIC = NO;
				GCC_NO_COMMON_BLOCKS = YES;
				GCC_OPTIMIZATION_LEVEL = 0;
				GCC_PREPROCESSOR_DEFINITIONS = (
					"DEBUG=1",
					"$(inherited)",
				);
				GCC_SYMBOLS_PRIVATE_EXTERN = NO;
				GCC_WARN_64_TO_32_BIT_CONVERSION = YES;
				GCC_WARN_ABOUT_RETURN_TYPE = YES_ERROR;
				GCC_WARN_UNDECLARED_SELECTOR = YES;
				GCC_WARN_UNINITIALIZED_AUTOS = YES_AGGRESSIVE;
				GCC_WARN_UNUSED_FUNCTION = YES;
				GCC_WARN_UNUSED_VARIABLE = YES;
				IPHONEOS_DEPLOYMENT_TARGET = 13.5;
				MTL_ENABLE_DEBUG_INFO = YES;
				ONLY_ACTIVE_ARCH = YES;
				SDKROOT = iphoneos;
			};
			name = Debug;
		};
		58B511EE1A9E6C8500147676 /* Release */ = {
			isa = XCBuildConfiguration;
			buildSettings = {
				ALWAYS_SEARCH_USER_PATHS = NO;
				CLANG_CXX_LANGUAGE_STANDARD = "gnu++0x";
				CLANG_CXX_LIBRARY = "libc++";
				CLANG_ENABLE_MODULES = YES;
				CLANG_ENABLE_OBJC_ARC = YES;
				CLANG_WARN_BOOL_CONVERSION = YES;
				CLANG_WARN_CONSTANT_CONVERSION = YES;
				CLANG_WARN_DIRECT_OBJC_ISA_USAGE = YES_ERROR;
				CLANG_WARN_EMPTY_BODY = YES;
				CLANG_WARN_ENUM_CONVERSION = YES;
				CLANG_WARN_INFINITE_RECURSION = YES;
				CLANG_WARN_INT_CONVERSION = YES;
				CLANG_WARN_OBJC_ROOT_CLASS = YES_ERROR;
				CLANG_WARN_SUSPICIOUS_MOVE = YES;
				CLANG_WARN_UNREACHABLE_CODE = YES;
				CLANG_WARN__DUPLICATE_METHOD_MATCH = YES;
				COPY_PHASE_STRIP = YES;
				ENABLE_NS_ASSERTIONS = NO;
				ENABLE_STRICT_OBJC_MSGSEND = YES;
				GCC_C_LANGUAGE_STANDARD = gnu99;
				GCC_NO_COMMON_BLOCKS = YES;
				GCC_WARN_64_TO_32_BIT_CONVERSION = YES;
				GCC_WARN_ABOUT_RETURN_TYPE = YES_ERROR;
				GCC_WARN_UNDECLARED_SELECTOR = YES;
				GCC_WARN_UNINITIALIZED_AUTOS = YES_AGGRESSIVE;
				GCC_WARN_UNUSED_FUNCTION = YES;
				GCC_WARN_UNUSED_VARIABLE = YES;
				IPHONEOS_DEPLOYMENT_TARGET = 13.5;
				MTL_ENABLE_DEBUG_INFO = NO;
				SDKROOT = iphoneos;
				VALIDATE_PRODUCT = YES;
			};
			name = Release;
		};
		58B511F01A9E6C8500147676 /* Debug */ = {
			isa = XCBuildConfiguration;
			buildSettings = {
				CLANG_ENABLE_MODULES = YES;
				HEADER_SEARCH_PATHS = (
					"$(inherited)",
					/Applications/Xcode.app/Contents/Developer/Toolchains/XcodeDefault.xctoolchain/usr/include,
					"$(SRCROOT)/../../../React/**",
					"$(SRCROOT)/../../react-native/React/**",
				);
				LD_RUNPATH_SEARCH_PATHS = "$(inherited) @executable_path/Frameworks @loader_path/Frameworks";
				LIBRARY_SEARCH_PATHS = "$(inherited)";
				OTHER_LDFLAGS = "-ObjC";
				PRODUCT_NAME = TOTVSClockInVision;
				SKIP_INSTALL = YES;
				SWIFT_OBJC_BRIDGING_HEADER = "Sources/Bridging-Header.h";
				SWIFT_OPTIMIZATION_LEVEL = "-Onone";
				SWIFT_VERSION = 5.0;
			};
			name = Debug;
		};
		58B511F11A9E6C8500147676 /* Release */ = {
			isa = XCBuildConfiguration;
			buildSettings = {
				CLANG_ENABLE_MODULES = YES;
				HEADER_SEARCH_PATHS = (
					"$(inherited)",
					/Applications/Xcode.app/Contents/Developer/Toolchains/XcodeDefault.xctoolchain/usr/include,
					"$(SRCROOT)/../../../React/**",
					"$(SRCROOT)/../../react-native/React/**",
				);
				LD_RUNPATH_SEARCH_PATHS = "$(inherited) @executable_path/Frameworks @loader_path/Frameworks";
				LIBRARY_SEARCH_PATHS = "$(inherited)";
				OTHER_LDFLAGS = "-ObjC";
				PRODUCT_NAME = TOTVSClockInVision;
				SKIP_INSTALL = YES;
				SWIFT_OBJC_BRIDGING_HEADER = "Sources/Bridging-Header.h";
				SWIFT_VERSION = 5.0;
			};
			name = Release;
		};
/* End XCBuildConfiguration section */

/* Begin XCConfigurationList section */
		58B511D61A9E6C8500147676 /* Build configuration list for PBXProject "TOTVSClockInVision" */ = {
			isa = XCConfigurationList;
			buildConfigurations = (
				58B511ED1A9E6C8500147676 /* Debug */,
				58B511EE1A9E6C8500147676 /* Release */,
			);
			defaultConfigurationIsVisible = 0;
			defaultConfigurationName = Release;
		};
		58B511EF1A9E6C8500147676 /* Build configuration list for PBXNativeTarget "TOTVSClockInVision" */ = {
			isa = XCConfigurationList;
			buildConfigurations = (
				58B511F01A9E6C8500147676 /* Debug */,
				58B511F11A9E6C8500147676 /* Release */,
			);
			defaultConfigurationIsVisible = 0;
			defaultConfigurationName = Release;
		};
/* End XCConfigurationList section */
	};
	rootObject = 58B511D31A9E6C8500147676 /* Project object */;
}
